Microsoft Visual Studio Solution File, Format Version 11.00
# Visual Studio 2008

Project("{111B652C-64FB-6E39-A6F2-5032BC2A2E81}") = "Video Tutorial Series 1", "Assembly-CSharp.csproj", "{F41F60C1-2F33-F7A8-E14C-64AA92C289FF}"
EndProject
Global
	GlobalSection(SolutionConfigurationPlatforms) = preSolution
		Debug|Any CPU = Debug|Any CPU
		Release|Any CPU = Release|Any CPU
	EndGlobalSection
	GlobalSection(ProjectConfigurationPlatforms) = postSolution
		{F41F60C1-2F33-F7A8-E14C-64AA92C289FF}.Debug|Any CPU.ActiveCfg = Debug|Any CPU
		{F41F60C1-2F33-F7A8-E14C-64AA92C289FF}.Debug|Any CPU.Build.0 = Debug|Any CPU
		{F41F60C1-2F33-F7A8-E14C-64AA92C289FF}.Release|Any CPU.ActiveCfg = Release|Any CPU
		{F41F60C1-2F33-F7A8-E14C-64AA92C289FF}.Release|Any CPU.Build.0 = Release|Any CPU
	EndGlobalSection
	GlobalSection(SolutionProperties) = preSolution
		HideSolutionNode = FALSE
	EndGlobalSection
	GlobalSection(MonoDevelopProperties) = preSolution
		StartupItem = Assembly-CSharp.csproj
	EndGlobalSection
EndGlobal
